
Microsoft Visual Studio Solution File, Format Version 12.00
# Visual Studio Version 17
VisualStudioVersion = 17.14.36414.22
MinimumVisualStudioVersion = 10.0.40219.1
Project("{2150E333-8FDC-42A3-9474-1A3956D46DE8}") = "03 - APIs com ASP.NET Core", "03 - APIs com ASP.NET Core", "{02EA681E-C7D8-13C7-8484-4AC65E1B71E8}"
EndProject
Project("{FAE04EC0-301F-11D3-BF4B-00C04F79EFBC}") = "DevFreela.API", "03 - Desenvolvimento de APIs com ASP.NET Core\DevFreela.API\DevFreela.API.csproj", "{6D2D4A06-555F-6B42-CF3C-F9F44103606A}"
EndProject
Project("{2150E333-8FDC-42A3-9474-1A3956D46DE8}") = "04 - Arquitetura Limpa", "04 - Arquitetura Limpa", "{56AB5B0F-F943-414B-B4AF-BF4686A09500}"
EndProject
Project("{FAE04EC0-301F-11D3-BF4B-00C04F79EFBC}") = "DevFreela.API", "04 - Arquitetura Limpa\DevFreela.API\DevFreela.API.csproj", "{1BC1D854-A416-C6B2-C945-738870B5DEDD}"
EndProject
Project("{FAE04EC0-301F-11D3-BF4B-00C04F79EFBC}") = "DevFreela.Application", "04 - Arquitetura Limpa\DevFreela.Application\DevFreela.Application.csproj", "{0C9CE3DD-89B5-99D9-2D66-99FB3B8F1AE7}"
EndProject
Project("{FAE04EC0-301F-11D3-BF4B-00C04F79EFBC}") = "DevFreela.Core", "04 - Arquitetura Limpa\DevFreela.Core\DevFreela.Core.csproj", "{38D58877-C169-25C9-69CE-D3B20E7F5601}"
EndProject
Project("{FAE04EC0-301F-11D3-BF4B-00C04F79EFBC}") = "DevFreela.Infrastructure", "04 - Arquitetura Limpa\DevFreela.Infrastructure\DevFreela.Infrastructure.csproj", "{338E7D49-3DA4-5000-4DCD-9051E58E390A}"
EndProject
Project("{2150E333-8FDC-42A3-9474-1A3956D46DE8}") = "05 - Persistência com Entity Framework Core", "05 - Persistência com Entity Framework Core", "{C077A855-5430-44A5-82CF-9338A8B206DF}"
EndProject
Project("{FAE04EC0-301F-11D3-BF4B-00C04F79EFBC}") = "DevFreela.API", "05 - Persistência com Entity Framework Core\DevFreela.API\DevFreela.API.csproj", "{90F86B1A-AC8D-6E57-55A2-EB99D9FF10DE}"
EndProject
Project("{FAE04EC0-301F-11D3-BF4B-00C04F79EFBC}") = "DevFreela.Application", "05 - Persistência com Entity Framework Core\DevFreela.Application\DevFreela.Application.csproj", "{1BAC6BC1-7529-6B7E-13D9-85CE549C99D1}"
EndProject
Project("{FAE04EC0-301F-11D3-BF4B-00C04F79EFBC}") = "DevFreela.Core", "05 - Persistência com Entity Framework Core\DevFreela.Core\DevFreela.Core.csproj", "{C4382B4A-41B2-9DAF-9E60-FE5CAD73149B}"
EndProject
Project("{FAE04EC0-301F-11D3-BF4B-00C04F79EFBC}") = "DevFreela.Infrastructure", "05 - Persistência com Entity Framework Core\DevFreela.Infrastructure\DevFreela.Infrastructure.csproj", "{CA8BF2C7-AF06-7CFC-F640-9AA6896403DD}"
EndProject
Project("{2150E333-8FDC-42A3-9474-1A3956D46DE8}") = "06 - Command Query Responsibility Segregation (CQRS)", "06 - Command Query Responsibility Segregation (CQRS)", "{DE539461-7FDC-4199-B680-AA0DDDADDA6F}"
EndProject
Project("{2150E333-8FDC-42A3-9474-1A3956D46DE8}") = "07 - Padrão Repository", "07 - Padrão Repository", "{3D7022C5-0FAD-4870-980F-55032606B32F}"
EndProject
Project("{FAE04EC0-301F-11D3-BF4B-00C04F79EFBC}") = "DevFreela.API", "07 - Padrão Repository\DevFreela.API\DevFreela.API.csproj", "{1F98B988-9FFB-66BD-1899-584D3F688180}"
EndProject
Project("{FAE04EC0-301F-11D3-BF4B-00C04F79EFBC}") = "DevFreela.Application", "07 - Padrão Repository\DevFreela.Application\DevFreela.Application.csproj", "{E996F0D5-F440-EF58-1109-7ADAF111A929}"
EndProject
Project("{FAE04EC0-301F-11D3-BF4B-00C04F79EFBC}") = "DevFreela.Core", "07 - Padrão Repository\DevFreela.Core\DevFreela.Core.csproj", "{EE78BED8-1BB3-3E83-BCD2-8EAB27AEFD01}"
EndProject
Project("{FAE04EC0-301F-11D3-BF4B-00C04F79EFBC}") = "DevFreela.Infrastructure", "07 - Padrão Repository\DevFreela.Infrastructure\DevFreela.Infrastructure.csproj", "{FFA92DA2-EAE3-214B-6689-76DA16A3AE8E}"
EndProject
Project("{2150E333-8FDC-42A3-9474-1A3956D46DE8}") = "08 - Validação de APIs", "08 - Validação de APIs", "{7208FA1B-2CC8-4FCA-9AA2-390F778994BA}"
EndProject
Project("{FAE04EC0-301F-11D3-BF4B-00C04F79EFBC}") = "DevFreela.API", "08 - Validação de APIs\DevFreela.API\DevFreela.API.csproj", "{A017DC03-AC56-D267-7341-230EFC754C40}"
EndProject
Project("{FAE04EC0-301F-11D3-BF4B-00C04F79EFBC}") = "DevFreela.Application", "08 - Validação de APIs\DevFreela.Application\DevFreela.Application.csproj", "{5A23A8D7-7E7D-F0DA-DBB3-2F14BAEDF83F}"
EndProject
Project("{FAE04EC0-301F-11D3-BF4B-00C04F79EFBC}") = "DevFreela.Core", "08 - Validação de APIs\DevFreela.Core\DevFreela.Core.csproj", "{9F1FED26-50C7-FD44-42EE-8F5831BEC2A1}"
EndProject
Project("{FAE04EC0-301F-11D3-BF4B-00C04F79EFBC}") = "DevFreela.Infrastructure", "08 - Validação de APIs\DevFreela.Infrastructure\DevFreela.Infrastructure.csproj", "{F52E87E5-5DC0-BA63-BE29-D1E9CBF226AC}"
EndProject
Project("{FAE04EC0-301F-11D3-BF4B-00C04F79EFBC}") = "DevFreela.API", "06 - Command Query Responsibility Segregation (CQRS)\DevFreela.API\DevFreela.API.csproj", "{B25AD2F5-DD38-116F-4C60-1A9EB1A42177}"
EndProject
Project("{FAE04EC0-301F-11D3-BF4B-00C04F79EFBC}") = "DevFreela.Application", "06 - Command Query Responsibility Segregation (CQRS)\DevFreela.Application\DevFreela.Application.csproj", "{D8DD0439-A521-2AC3-BD16-BB21B86AB2F5}"
EndProject
Project("{FAE04EC0-301F-11D3-BF4B-00C04F79EFBC}") = "DevFreela.Core", "06 - Command Query Responsibility Segregation (CQRS)\DevFreela.Core\DevFreela.Core.csproj", "{E3EB9724-E573-F352-535A-32BB9B2BBA17}"
EndProject
Project("{FAE04EC0-301F-11D3-BF4B-00C04F79EFBC}") = "DevFreela.Infrastructure", "06 - Command Query Responsibility Segregation (CQRS)\DevFreela.Infrastructure\DevFreela.Infrastructure.csproj", "{51DB042B-A4D3-DC6A-EA8A-25D674328C95}"
EndProject
Global
	GlobalSection(SolutionConfigurationPlatforms) = preSolution
		Debug|Any CPU = Debug|Any CPU
		Release|Any CPU = Release|Any CPU
	EndGlobalSection
	GlobalSection(ProjectConfigurationPlatforms) = postSolution
		{6D2D4A06-555F-6B42-CF3C-F9F44103606A}.Debug|Any CPU.ActiveCfg = Debug|Any CPU
		{6D2D4A06-555F-6B42-CF3C-F9F44103606A}.Debug|Any CPU.Build.0 = Debug|Any CPU
		{6D2D4A06-555F-6B42-CF3C-F9F44103606A}.Release|Any CPU.ActiveCfg = Release|Any CPU
		{6D2D4A06-555F-6B42-CF3C-F9F44103606A}.Release|Any CPU.Build.0 = Release|Any CPU
		{1BC1D854-A416-C6B2-C945-738870B5DEDD}.Debug|Any CPU.ActiveCfg = Debug|Any CPU
		{1BC1D854-A416-C6B2-C945-738870B5DEDD}.Debug|Any CPU.Build.0 = Debug|Any CPU
		{1BC1D854-A416-C6B2-C945-738870B5DEDD}.Release|Any CPU.ActiveCfg = Release|Any CPU
		{1BC1D854-A416-C6B2-C945-738870B5DEDD}.Release|Any CPU.Build.0 = Release|Any CPU
		{0C9CE3DD-89B5-99D9-2D66-99FB3B8F1AE7}.Debug|Any CPU.ActiveCfg = Debug|Any CPU
		{0C9CE3DD-89B5-99D9-2D66-99FB3B8F1AE7}.Debug|Any CPU.Build.0 = Debug|Any CPU
		{0C9CE3DD-89B5-99D9-2D66-99FB3B8F1AE7}.Release|Any CPU.ActiveCfg = Release|Any CPU
		{0C9CE3DD-89B5-99D9-2D66-99FB3B8F1AE7}.Release|Any CPU.Build.0 = Release|Any CPU
		{38D58877-C169-25C9-69CE-D3B20E7F5601}.Debug|Any CPU.ActiveCfg = Debug|Any CPU
		{38D58877-C169-25C9-69CE-D3B20E7F5601}.Debug|Any CPU.Build.0 = Debug|Any CPU
		{38D58877-C169-25C9-69CE-D3B20E7F5601}.Release|Any CPU.ActiveCfg = Release|Any CPU
		{38D58877-C169-25C9-69CE-D3B20E7F5601}.Release|Any CPU.Build.0 = Release|Any CPU
		{338E7D49-3DA4-5000-4DCD-9051E58E390A}.Debug|Any CPU.ActiveCfg = Debug|Any CPU
		{338E7D49-3DA4-5000-4DCD-9051E58E390A}.Debug|Any CPU.Build.0 = Debug|Any CPU
		{338E7D49-3DA4-5000-4DCD-9051E58E390A}.Release|Any CPU.ActiveCfg = Release|Any CPU
		{338E7D49-3DA4-5000-4DCD-9051E58E390A}.Release|Any CPU.Build.0 = Release|Any CPU
		{90F86B1A-AC8D-6E57-55A2-EB99D9FF10DE}.Debug|Any CPU.ActiveCfg = Debug|Any CPU
		{90F86B1A-AC8D-6E57-55A2-EB99D9FF10DE}.Debug|Any CPU.Build.0 = Debug|Any CPU
		{90F86B1A-AC8D-6E57-55A2-EB99D9FF10DE}.Release|Any CPU.ActiveCfg = Release|Any CPU
		{90F86B1A-AC8D-6E57-55A2-EB99D9FF10DE}.Release|Any CPU.Build.0 = Release|Any CPU
		{1BAC6BC1-7529-6B7E-13D9-85CE549C99D1}.Debug|Any CPU.ActiveCfg = Debug|Any CPU
		{1BAC6BC1-7529-6B7E-13D9-85CE549C99D1}.Debug|Any CPU.Build.0 = Debug|Any CPU
		{1BAC6BC1-7529-6B7E-13D9-85CE549C99D1}.Release|Any CPU.ActiveCfg = Release|Any CPU
		{1BAC6BC1-7529-6B7E-13D9-85CE549C99D1}.Release|Any CPU.Build.0 = Release|Any CPU
		{C4382B4A-41B2-9DAF-9E60-FE5CAD73149B}.Debug|Any CPU.ActiveCfg = Debug|Any CPU
		{C4382B4A-41B2-9DAF-9E60-FE5CAD73149B}.Debug|Any CPU.Build.0 = Debug|Any CPU
		{C4382B4A-41B2-9DAF-9E60-FE5CAD73149B}.Release|Any CPU.ActiveCfg = Release|Any CPU
		{C4382B4A-41B2-9DAF-9E60-FE5CAD73149B}.Release|Any CPU.Build.0 = Release|Any CPU
		{CA8BF2C7-AF06-7CFC-F640-9AA6896403DD}.Debug|Any CPU.ActiveCfg = Debug|Any CPU
		{CA8BF2C7-AF06-7CFC-F640-9AA6896403DD}.Debug|Any CPU.Build.0 = Debug|Any CPU
		{CA8BF2C7-AF06-7CFC-F640-9AA6896403DD}.Release|Any CPU.ActiveCfg = Release|Any CPU
		{CA8BF2C7-AF06-7CFC-F640-9AA6896403DD}.Release|Any CPU.Build.0 = Release|Any CPU
		{1F98B988-9FFB-66BD-1899-584D3F688180}.Debug|Any CPU.ActiveCfg = Debug|Any CPU
		{1F98B988-9FFB-66BD-1899-584D3F688180}.Debug|Any CPU.Build.0 = Debug|Any CPU
		{1F98B988-9FFB-66BD-1899-584D3F688180}.Release|Any CPU.ActiveCfg = Release|Any CPU
		{1F98B988-9FFB-66BD-1899-584D3F688180}.Release|Any CPU.Build.0 = Release|Any CPU
		{E996F0D5-F440-EF58-1109-7ADAF111A929}.Debug|Any CPU.ActiveCfg = Debug|Any CPU
		{E996F0D5-F440-EF58-1109-7ADAF111A929}.Debug|Any CPU.Build.0 = Debug|Any CPU
		{E996F0D5-F440-EF58-1109-7ADAF111A929}.Release|Any CPU.ActiveCfg = Release|Any CPU
		{E996F0D5-F440-EF58-1109-7ADAF111A929}.Release|Any CPU.Build.0 = Release|Any CPU
		{EE78BED8-1BB3-3E83-BCD2-8EAB27AEFD01}.Debug|Any CPU.ActiveCfg = Debug|Any CPU
		{EE78BED8-1BB3-3E83-BCD2-8EAB27AEFD01}.Debug|Any CPU.Build.0 = Debug|Any CPU
		{EE78BED8-1BB3-3E83-BCD2-8EAB27AEFD01}.Release|Any CPU.ActiveCfg = Release|Any CPU
		{EE78BED8-1BB3-3E83-BCD2-8EAB27AEFD01}.Release|Any CPU.Build.0 = Release|Any CPU
		{FFA92DA2-EAE3-214B-6689-76DA16A3AE8E}.Debug|Any CPU.ActiveCfg = Debug|Any CPU
		{FFA92DA2-EAE3-214B-6689-76DA16A3AE8E}.Debug|Any CPU.Build.0 = Debug|Any CPU
		{FFA92DA2-EAE3-214B-6689-76DA16A3AE8E}.Release|Any CPU.ActiveCfg = Release|Any CPU
		{FFA92DA2-EAE3-214B-6689-76DA16A3AE8E}.Release|Any CPU.Build.0 = Release|Any CPU
		{A017DC03-AC56-D267-7341-230EFC754C40}.Debug|Any CPU.ActiveCfg = Debug|Any CPU
		{A017DC03-AC56-D267-7341-230EFC754C40}.Debug|Any CPU.Build.0 = Debug|Any CPU
		{A017DC03-AC56-D267-7341-230EFC754C40}.Release|Any CPU.ActiveCfg = Release|Any CPU
		{A017DC03-AC56-D267-7341-230EFC754C40}.Release|Any CPU.Build.0 = Release|Any CPU
		{5A23A8D7-7E7D-F0DA-DBB3-2F14BAEDF83F}.Debug|Any CPU.ActiveCfg = Debug|Any CPU
		{5A23A8D7-7E7D-F0DA-DBB3-2F14BAEDF83F}.Debug|Any CPU.Build.0 = Debug|Any CPU
		{5A23A8D7-7E7D-F0DA-DBB3-2F14BAEDF83F}.Release|Any CPU.ActiveCfg = Release|Any CPU
		{5A23A8D7-7E7D-F0DA-DBB3-2F14BAEDF83F}.Release|Any CPU.Build.0 = Release|Any CPU
		{9F1FED26-50C7-FD44-42EE-8F5831BEC2A1}.Debug|Any CPU.ActiveCfg = Debug|Any CPU
		{9F1FED26-50C7-FD44-42EE-8F5831BEC2A1}.Debug|Any CPU.Build.0 = Debug|Any CPU
		{9F1FED26-50C7-FD44-42EE-8F5831BEC2A1}.Release|Any CPU.ActiveCfg = Release|Any CPU
		{9F1FED26-50C7-FD44-42EE-8F5831BEC2A1}.Release|Any CPU.Build.0 = Release|Any CPU
		{F52E87E5-5DC0-BA63-BE29-D1E9CBF226AC}.Debug|Any CPU.ActiveCfg = Debug|Any CPU
		{F52E87E5-5DC0-BA63-BE29-D1E9CBF226AC}.Debug|Any CPU.Build.0 = Debug|Any CPU
		{F52E87E5-5DC0-BA63-BE29-D1E9CBF226AC}.Release|Any CPU.ActiveCfg = Release|Any CPU
		{F52E87E5-5DC0-BA63-BE29-D1E9CBF226AC}.Release|Any CPU.Build.0 = Release|Any CPU
		{B25AD2F5-DD38-116F-4C60-1A9EB1A42177}.Debug|Any CPU.ActiveCfg = Debug|Any CPU
		{B25AD2F5-DD38-116F-4C60-1A9EB1A42177}.Debug|Any CPU.Build.0 = Debug|Any CPU
		{B25AD2F5-DD38-116F-4C60-1A9EB1A42177}.Release|Any CPU.ActiveCfg = Release|Any CPU
		{B25AD2F5-DD38-116F-4C60-1A9EB1A42177}.Release|Any CPU.Build.0 = Release|Any CPU
		{D8DD0439-A521-2AC3-BD16-BB21B86AB2F5}.Debug|Any CPU.ActiveCfg = Debug|Any CPU
		{D8DD0439-A521-2AC3-BD16-BB21B86AB2F5}.Debug|Any CPU.Build.0 = Debug|Any CPU
		{D8DD0439-A521-2AC3-BD16-BB21B86AB2F5}.Release|Any CPU.ActiveCfg = Release|Any CPU
		{D8DD0439-A521-2AC3-BD16-BB21B86AB2F5}.Release|Any CPU.Build.0 = Release|Any CPU
		{E3EB9724-E573-F352-535A-32BB9B2BBA17}.Debug|Any CPU.ActiveCfg = Debug|Any CPU
		{E3EB9724-E573-F352-535A-32BB9B2BBA17}.Debug|Any CPU.Build.0 = Debug|Any CPU
		{E3EB9724-E573-F352-535A-32BB9B2BBA17}.Release|Any CPU.ActiveCfg = Release|Any CPU
		{E3EB9724-E573-F352-535A-32BB9B2BBA17}.Release|Any CPU.Build.0 = Release|Any CPU
		{51DB042B-A4D3-DC6A-EA8A-25D674328C95}.Debug|Any CPU.ActiveCfg = Debug|Any CPU
		{51DB042B-A4D3-DC6A-EA8A-25D674328C95}.Debug|Any CPU.Build.0 = Debug|Any CPU
		{51DB042B-A4D3-DC6A-EA8A-25D674328C95}.Release|Any CPU.ActiveCfg = Release|Any CPU
		{51DB042B-A4D3-DC6A-EA8A-25D674328C95}.Release|Any CPU.Build.0 = Release|Any CPU
	EndGlobalSection
	GlobalSection(SolutionProperties) = preSolution
		HideSolutionNode = FALSE
	EndGlobalSection
	GlobalSection(NestedProjects) = preSolution
		{6D2D4A06-555F-6B42-CF3C-F9F44103606A} = {02EA681E-C7D8-13C7-8484-4AC65E1B71E8}
		{1BC1D854-A416-C6B2-C945-738870B5DEDD} = {56AB5B0F-F943-414B-B4AF-BF4686A09500}
		{0C9CE3DD-89B5-99D9-2D66-99FB3B8F1AE7} = {56AB5B0F-F943-414B-B4AF-BF4686A09500}
		{38D58877-C169-25C9-69CE-D3B20E7F5601} = {56AB5B0F-F943-414B-B4AF-BF4686A09500}
		{338E7D49-3DA4-5000-4DCD-9051E58E390A} = {56AB5B0F-F943-414B-B4AF-BF4686A09500}
		{90F86B1A-AC8D-6E57-55A2-EB99D9FF10DE} = {C077A855-5430-44A5-82CF-9338A8B206DF}
		{1BAC6BC1-7529-6B7E-13D9-85CE549C99D1} = {C077A855-5430-44A5-82CF-9338A8B206DF}
		{C4382B4A-41B2-9DAF-9E60-FE5CAD73149B} = {C077A855-5430-44A5-82CF-9338A8B206DF}
		{CA8BF2C7-AF06-7CFC-F640-9AA6896403DD} = {C077A855-5430-44A5-82CF-9338A8B206DF}
		{1F98B988-9FFB-66BD-1899-584D3F688180} = {3D7022C5-0FAD-4870-980F-55032606B32F}
		{E996F0D5-F440-EF58-1109-7ADAF111A929} = {3D7022C5-0FAD-4870-980F-55032606B32F}
		{EE78BED8-1BB3-3E83-BCD2-8EAB27AEFD01} = {3D7022C5-0FAD-4870-980F-55032606B32F}
		{FFA92DA2-EAE3-214B-6689-76DA16A3AE8E} = {3D7022C5-0FAD-4870-980F-55032606B32F}
		{A017DC03-AC56-D267-7341-230EFC754C40} = {7208FA1B-2CC8-4FCA-9AA2-390F778994BA}
		{5A23A8D7-7E7D-F0DA-DBB3-2F14BAEDF83F} = {7208FA1B-2CC8-4FCA-9AA2-390F778994BA}
		{9F1FED26-50C7-FD44-42EE-8F5831BEC2A1} = {7208FA1B-2CC8-4FCA-9AA2-390F778994BA}
		{F52E87E5-5DC0-BA63-BE29-D1E9CBF226AC} = {7208FA1B-2CC8-4FCA-9AA2-390F778994BA}
		{B25AD2F5-DD38-116F-4C60-1A9EB1A42177} = {DE539461-7FDC-4199-B680-AA0DDDADDA6F}
		{D8DD0439-A521-2AC3-BD16-BB21B86AB2F5} = {DE539461-7FDC-4199-B680-AA0DDDADDA6F}
		{E3EB9724-E573-F352-535A-32BB9B2BBA17} = {DE539461-7FDC-4199-B680-AA0DDDADDA6F}
		{51DB042B-A4D3-DC6A-EA8A-25D674328C95} = {DE539461-7FDC-4199-B680-AA0DDDADDA6F}
	EndGlobalSection
	GlobalSection(ExtensibilityGlobals) = postSolution
		SolutionGuid = {BDDE12DE-2A16-4A45-B905-4DF0385FEF49}
	EndGlobalSection
EndGlobal
