
Microsoft Visual Studio Solution File, Format Version 12.00
# Visual Studio Version 18
VisualStudioVersion = 18.0.11111.16
MinimumVisualStudioVersion = 10.0.40219.1
Project("{2150E333-8FDC-42A3-9474-1A3956D46DE8}") = "03 - APIs com ASP.NET Core", "03 - APIs com ASP.NET Core", "{02EA681E-C7D8-13C7-8484-4AC65E1B71E8}"
EndProject
Project("{FAE04EC0-301F-11D3-BF4B-00C04F79EFBC}") = "DevFreela.API", "03 - Desenvolvimento de APIs com ASP.NET Core\DevFreela.API\DevFreela.API.csproj", "{6D2D4A06-555F-6B42-CF3C-F9F44103606A}"
EndProject
Project("{2150E333-8FDC-42A3-9474-1A3956D46DE8}") = "04 - Arquitetura Limpa", "04 - Arquitetura Limpa", "{56AB5B0F-F943-414B-B4AF-BF4686A09500}"
EndProject
Project("{FAE04EC0-301F-11D3-BF4B-00C04F79EFBC}") = "DevFreela.API", "04 - Arquitetura Limpa\DevFreela.API\DevFreela.API.csproj", "{1BC1D854-A416-C6B2-C945-738870B5DEDD}"
EndProject
Project("{FAE04EC0-301F-11D3-BF4B-00C04F79EFBC}") = "DevFreela.Application", "04 - Arquitetura Limpa\DevFreela.Application\DevFreela.Application.csproj", "{0C9CE3DD-89B5-99D9-2D66-99FB3B8F1AE7}"
EndProject
Project("{FAE04EC0-301F-11D3-BF4B-00C04F79EFBC}") = "DevFreela.Core", "04 - Arquitetura Limpa\DevFreela.Core\DevFreela.Core.csproj", "{38D58877-C169-25C9-69CE-D3B20E7F5601}"
EndProject
Project("{FAE04EC0-301F-11D3-BF4B-00C04F79EFBC}") = "DevFreela.Infrastructure", "04 - Arquitetura Limpa\DevFreela.Infrastructure\DevFreela.Infrastructure.csproj", "{338E7D49-3DA4-5000-4DCD-9051E58E390A}"
EndProject
Project("{2150E333-8FDC-42A3-9474-1A3956D46DE8}") = "05 - Persistência com Entity Framework Core", "05 - Persistência com Entity Framework Core", "{C077A855-5430-44A5-82CF-9338A8B206DF}"
EndProject
Project("{FAE04EC0-301F-11D3-BF4B-00C04F79EFBC}") = "DevFreela.API", "05 - Persistência com Entity Framework Core\DevFreela.API\DevFreela.API.csproj", "{90F86B1A-AC8D-6E57-55A2-EB99D9FF10DE}"
EndProject
Project("{FAE04EC0-301F-11D3-BF4B-00C04F79EFBC}") = "DevFreela.Application", "05 - Persistência com Entity Framework Core\DevFreela.Application\DevFreela.Application.csproj", "{1BAC6BC1-7529-6B7E-13D9-85CE549C99D1}"
EndProject
Project("{FAE04EC0-301F-11D3-BF4B-00C04F79EFBC}") = "DevFreela.Core", "05 - Persistência com Entity Framework Core\DevFreela.Core\DevFreela.Core.csproj", "{C4382B4A-41B2-9DAF-9E60-FE5CAD73149B}"
EndProject
Project("{FAE04EC0-301F-11D3-BF4B-00C04F79EFBC}") = "DevFreela.Infrastructure", "05 - Persistência com Entity Framework Core\DevFreela.Infrastructure\DevFreela.Infrastructure.csproj", "{CA8BF2C7-AF06-7CFC-F640-9AA6896403DD}"
EndProject
Project("{2150E333-8FDC-42A3-9474-1A3956D46DE8}") = "06 - Command Query Responsibility Segregation (CQRS)", "06 - Command Query Responsibility Segregation (CQRS)", "{DE539461-7FDC-4199-B680-AA0DDDADDA6F}"
EndProject
Project("{2150E333-8FDC-42A3-9474-1A3956D46DE8}") = "07 - Padrão Repository", "07 - Padrão Repository", "{3D7022C5-0FAD-4870-980F-55032606B32F}"
EndProject
Project("{FAE04EC0-301F-11D3-BF4B-00C04F79EFBC}") = "DevFreela.API", "07 - Padrão Repository\DevFreela.API\DevFreela.API.csproj", "{1F98B988-9FFB-66BD-1899-584D3F688180}"
EndProject
Project("{FAE04EC0-301F-11D3-BF4B-00C04F79EFBC}") = "DevFreela.Application", "07 - Padrão Repository\DevFreela.Application\DevFreela.Application.csproj", "{E996F0D5-F440-EF58-1109-7ADAF111A929}"
EndProject
Project("{FAE04EC0-301F-11D3-BF4B-00C04F79EFBC}") = "DevFreela.Core", "07 - Padrão Repository\DevFreela.Core\DevFreela.Core.csproj", "{EE78BED8-1BB3-3E83-BCD2-8EAB27AEFD01}"
EndProject
Project("{FAE04EC0-301F-11D3-BF4B-00C04F79EFBC}") = "DevFreela.Infrastructure", "07 - Padrão Repository\DevFreela.Infrastructure\DevFreela.Infrastructure.csproj", "{FFA92DA2-EAE3-214B-6689-76DA16A3AE8E}"
EndProject
Project("{2150E333-8FDC-42A3-9474-1A3956D46DE8}") = "08 - Validação de APIs", "08 - Validação de APIs", "{7208FA1B-2CC8-4FCA-9AA2-390F778994BA}"
EndProject
Project("{FAE04EC0-301F-11D3-BF4B-00C04F79EFBC}") = "DevFreela.API", "08 - Validação de APIs\DevFreela.API\DevFreela.API.csproj", "{A017DC03-AC56-D267-7341-230EFC754C40}"
EndProject
Project("{FAE04EC0-301F-11D3-BF4B-00C04F79EFBC}") = "DevFreela.Application", "08 - Validação de APIs\DevFreela.Application\DevFreela.Application.csproj", "{5A23A8D7-7E7D-F0DA-DBB3-2F14BAEDF83F}"
EndProject
Project("{FAE04EC0-301F-11D3-BF4B-00C04F79EFBC}") = "DevFreela.Core", "08 - Validação de APIs\DevFreela.Core\DevFreela.Core.csproj", "{9F1FED26-50C7-FD44-42EE-8F5831BEC2A1}"
EndProject
Project("{FAE04EC0-301F-11D3-BF4B-00C04F79EFBC}") = "DevFreela.Infrastructure", "08 - Validação de APIs\DevFreela.Infrastructure\DevFreela.Infrastructure.csproj", "{F52E87E5-5DC0-BA63-BE29-D1E9CBF226AC}"
EndProject
Project("{FAE04EC0-301F-11D3-BF4B-00C04F79EFBC}") = "DevFreela.API", "06 - Command Query Responsibility Segregation (CQRS)\DevFreela.API\DevFreela.API.csproj", "{B25AD2F5-DD38-116F-4C60-1A9EB1A42177}"
EndProject
Project("{FAE04EC0-301F-11D3-BF4B-00C04F79EFBC}") = "DevFreela.Application", "06 - Command Query Responsibility Segregation (CQRS)\DevFreela.Application\DevFreela.Application.csproj", "{D8DD0439-A521-2AC3-BD16-BB21B86AB2F5}"
EndProject
Project("{FAE04EC0-301F-11D3-BF4B-00C04F79EFBC}") = "DevFreela.Core", "06 - Command Query Responsibility Segregation (CQRS)\DevFreela.Core\DevFreela.Core.csproj", "{E3EB9724-E573-F352-535A-32BB9B2BBA17}"
EndProject
Project("{FAE04EC0-301F-11D3-BF4B-00C04F79EFBC}") = "DevFreela.Infrastructure", "06 - Command Query Responsibility Segregation (CQRS)\DevFreela.Infrastructure\DevFreela.Infrastructure.csproj", "{51DB042B-A4D3-DC6A-EA8A-25D674328C95}"
EndProject
Project("{2150E333-8FDC-42A3-9474-1A3956D46DE8}") = "09 - Autenticação e Autorização com JWT", "09 - Autenticação e Autorização com JWT", "{77895932-3CF6-4215-A8FB-2DA022532DEA}"
EndProject
Project("{FAE04EC0-301F-11D3-BF4B-00C04F79EFBC}") = "DevFreela.Infrastructure", "09 - Autenticação e Autorização com JWT\DevFreela.Infrastructure\DevFreela.Infrastructure.csproj", "{6FBA0839-C358-C771-2D9D-6948C51C9A9C}"
EndProject
Project("{FAE04EC0-301F-11D3-BF4B-00C04F79EFBC}") = "DevFreela.Core", "09 - Autenticação e Autorização com JWT\DevFreela.Core\DevFreela.Core.csproj", "{18B8D3AF-7BF3-BA1A-1951-142D814F51F7}"
EndProject
Project("{FAE04EC0-301F-11D3-BF4B-00C04F79EFBC}") = "DevFreela.Application", "09 - Autenticação e Autorização com JWT\DevFreela.Application\DevFreela.Application.csproj", "{C98B187E-339A-4E15-E108-46D9874E0F7E}"
EndProject
Project("{FAE04EC0-301F-11D3-BF4B-00C04F79EFBC}") = "DevFreela.API", "09 - Autenticação e Autorização com JWT\DevFreela.API\DevFreela.API.csproj", "{F708EB8F-AE5B-F259-1EA5-73D65E02AA42}"
EndProject
Project("{2150E333-8FDC-42A3-9474-1A3956D46DE8}") = "2_NETCORE", "2_NETCORE", "{014B5A01-DB01-4BEB-A8FA-3DD440323A9F}"
EndProject
Project("{2150E333-8FDC-42A3-9474-1A3956D46DE8}") = "10 - Testes Unitários com xUnit", "10 - Testes Unitários com xUnit", "{3A19077A-0CDB-48F1-BE08-CC28EAD6970E}"
EndProject
Project("{FAE04EC0-301F-11D3-BF4B-00C04F79EFBC}") = "DevFreela.API", "10 - Testes Unitários com xUnit\DevFreela.API\DevFreela.API.csproj", "{A207517B-D0E5-D19C-1AEC-387EC8AE0C77}"
EndProject
Project("{FAE04EC0-301F-11D3-BF4B-00C04F79EFBC}") = "DevFreela.Application", "10 - Testes Unitários com xUnit\DevFreela.Application\DevFreela.Application.csproj", "{F95B155C-0B6B-CBE8-5954-FFF973606097}"
EndProject
Project("{FAE04EC0-301F-11D3-BF4B-00C04F79EFBC}") = "DevFreela.Core", "10 - Testes Unitários com xUnit\DevFreela.Core\DevFreela.Core.csproj", "{34EE4BFB-102D-B8DB-0FDB-B5DE5C7297AE}"
EndProject
Project("{FAE04EC0-301F-11D3-BF4B-00C04F79EFBC}") = "DevFreela.Infrastructure", "10 - Testes Unitários com xUnit\DevFreela.Infrastructure\DevFreela.Infrastructure.csproj", "{7CD5C370-8474-C46F-C15E-92EC2498178C}"
EndProject
Project("{FAE04EC0-301F-11D3-BF4B-00C04F79EFBC}") = "DevFreela.UnitTests", "10 - Testes Unitários com xUnit\DevFreela.UnitTests\DevFreela.UnitTests.csproj", "{F8653DBE-3AE6-AE7F-FFB5-392EC6B3053B}"
EndProject
Project("{2150E333-8FDC-42A3-9474-1A3956D46DE8}") = "11 - Azure DevOps", "11 - Azure DevOps", "{246BD92D-DBA3-4F7E-A17F-C26C44B6DD7D}"
	ProjectSection(SolutionItems) = preProject
		11 - Azure DevOps\azure-pipelines.yml = 11 - Azure DevOps\azure-pipelines.yml
	EndProjectSection
EndProject
Project("{FAE04EC0-301F-11D3-BF4B-00C04F79EFBC}") = "DevFreela.API", "11 - Azure DevOps\DevFreela.API\DevFreela.API.csproj", "{93F5405C-A9FC-E0CC-223B-34F59F6A5BE0}"
EndProject
Project("{FAE04EC0-301F-11D3-BF4B-00C04F79EFBC}") = "DevFreela.Application", "11 - Azure DevOps\DevFreela.Application\DevFreela.Application.csproj", "{8F169903-CDA3-195B-5E27-6004663BAEA2}"
EndProject
Project("{FAE04EC0-301F-11D3-BF4B-00C04F79EFBC}") = "DevFreela.Core", "11 - Azure DevOps\DevFreela.Core\DevFreela.Core.csproj", "{5B6DF1C5-122A-1DE1-EC4C-1F457DAA7B30}"
EndProject
Project("{FAE04EC0-301F-11D3-BF4B-00C04F79EFBC}") = "DevFreela.Infrastructure", "11 - Azure DevOps\DevFreela.Infrastructure\DevFreela.Infrastructure.csproj", "{D2D41659-0CE6-3EBE-27FE-DA3BB002C109}"
EndProject
Project("{FAE04EC0-301F-11D3-BF4B-00C04F79EFBC}") = "DevFreela.UnitTests", "11 - Azure DevOps\DevFreela.UnitTests\DevFreela.UnitTests.csproj", "{1161F398-0355-91E6-EE5F-1AB8F2963CE8}"
EndProject
Project("{2150E333-8FDC-42A3-9474-1A3956D46DE8}") = "12 - Microsserviços e Mensageria", "12 - Microsserviços e Mensageria", "{3A824943-4958-461B-A3C6-E8739C002154}"
EndProject
Project("{FAE04EC0-301F-11D3-BF4B-00C04F79EFBC}") = "DevFreela.API", "12 - Microsserviços e Mensageria\DevFreela.API\DevFreela.API.csproj", "{3143E174-067D-C95C-4529-B56FD280510C}"
EndProject
Project("{FAE04EC0-301F-11D3-BF4B-00C04F79EFBC}") = "DevFreela.Application", "12 - Microsserviços e Mensageria\DevFreela.Application\DevFreela.Application.csproj", "{9513C745-00B4-85DD-CA3A-AF84918C5A59}"
EndProject
Project("{FAE04EC0-301F-11D3-BF4B-00C04F79EFBC}") = "DevFreela.Core", "12 - Microsserviços e Mensageria\DevFreela.Core\DevFreela.Core.csproj", "{5CDEBF84-7A7A-A534-119F-994FD7A5F4F8}"
EndProject
Project("{FAE04EC0-301F-11D3-BF4B-00C04F79EFBC}") = "DevFreela.Infrastructure", "12 - Microsserviços e Mensageria\DevFreela.Infrastructure\DevFreela.Infrastructure.csproj", "{E84C2C06-5123-F92E-9091-766D553747BF}"
EndProject
Project("{FAE04EC0-301F-11D3-BF4B-00C04F79EFBC}") = "DevFreela.UnitTests", "12 - Microsserviços e Mensageria\DevFreela.UnitTests\DevFreela.UnitTests.csproj", "{8D3DD315-2218-0B7B-DAB9-7C54DE2BF10B}"
EndProject
Project("{2150E333-8FDC-42A3-9474-1A3956D46DE8}") = "3_MICROSERVICOS", "3_MICROSERVICOS", "{CA4F0705-FB4C-49A4-8602-E11F4933FB15}"
EndProject
Project("{2150E333-8FDC-42A3-9474-1A3956D46DE8}") = "4_ARQUITETURA", "4_ARQUITETURA", "{7934B5DE-E06A-45E6-ABA4-D3AB8A54E4D8}"
EndProject
Project("{FAE04EC0-301F-11D3-BF4B-00C04F79EFBC}") = "Services.Customers.Api", "13- Microserviços\AwesomeShop.Services.Customers-master\src\Services.Customers.Api\Services.Customers.Api.csproj", "{7A5825B3-0C86-2B1F-B61D-28CAB2B70078}"
EndProject
Project("{FAE04EC0-301F-11D3-BF4B-00C04F79EFBC}") = "Services.Customers.Application", "13- Microserviços\AwesomeShop.Services.Customers-master\src\Services.Customers.Application\Services.Customers.Application.csproj", "{7D361123-9D53-4549-9759-7F3737D78AC1}"
EndProject
Project("{FAE04EC0-301F-11D3-BF4B-00C04F79EFBC}") = "Services.Customers.Core", "13- Microserviços\AwesomeShop.Services.Customers-master\src\Services.Customers.Core\Services.Customers.Core.csproj", "{60513D6E-238D-21AB-90D0-82D347F05F9C}"
EndProject
Project("{FAE04EC0-301F-11D3-BF4B-00C04F79EFBC}") = "Services.Customers.Infrastructure", "13- Microserviços\AwesomeShop.Services.Customers-master\src\Services.Customers.Infrastructure\Services.Customers.Infrastructure.csproj", "{DF48E4DA-7C60-467B-68F5-C0C19F39C7B3}"
EndProject
Project("{FAE04EC0-301F-11D3-BF4B-00C04F79EFBC}") = "SolidPrinciples", "14 - Arquitetura\05 - Princípios SOLID\SolidPrinciples.csproj", "{4B7A1672-AF29-FDBF-465A-A48F3B147AB8}"
EndProject
Project("{2150E333-8FDC-42A3-9474-1A3956D46DE8}") = "SOLID", "SOLID", "{3CCAC587-30CC-44C0-8900-188191620AED}"
EndProject
Project("{2150E333-8FDC-42A3-9474-1A3956D46DE8}") = "DESIGN PATTERNS", "DESIGN PATTERNS", "{F3526533-69BE-4D10-BE50-D1DD23A93D2D}"
EndProject
Project("{2150E333-8FDC-42A3-9474-1A3956D46DE8}") = "creational", "creational", "{FE439BEF-1447-4EB9-8392-C57ED698A03F}"
EndProject
Project("{2150E333-8FDC-42A3-9474-1A3956D46DE8}") = "structural", "structural", "{2731DB81-D1CC-4243-8AB8-E47785142DE5}"
EndProject
Project("{FAE04EC0-301F-11D3-BF4B-00C04F79EFBC}") = "Patterns.API -adpater", "14 - Arquitetura\08 - Design Patterns - Structural\formacao-arquitetura-pos-adapter\Patterns.API -adpater.csproj", "{D2254C69-1E18-8302-B7F2-0B5740F5630E}"
EndProject
Project("{FAE04EC0-301F-11D3-BF4B-00C04F79EFBC}") = "Patterns.API - decorator", "14 - Arquitetura\08 - Design Patterns - Structural\formacao-arquitetura-pos-decorator\Patterns.API - decorator.csproj", "{14566E2C-4203-54AE-55CE-2DDD442DC322}"
EndProject
Project("{FAE04EC0-301F-11D3-BF4B-00C04F79EFBC}") = "Patterns.API - facade", "14 - Arquitetura\08 - Design Patterns - Structural\formacao-arquitetura-pos-facade\Patterns.API - facade.csproj", "{16D77239-546E-B307-FA90-A78C1752A388}"
EndProject
Project("{FAE04EC0-301F-11D3-BF4B-00C04F79EFBC}") = "Patterns.API - Abstract Factory", "14 - Arquitetura\07 - Design Patterns - Creational\formacao-arquitetura-pos-abstract-factory\Patterns.API - Abstract Factory.csproj", "{16D9672E-D60D-744F-F479-1808B3E279C1}"
EndProject
Project("{FAE04EC0-301F-11D3-BF4B-00C04F79EFBC}") = "Patterns.API - Builder", "14 - Arquitetura\07 - Design Patterns - Creational\formacao-arquitetura-pos-builder\Patterns.API - Builder.csproj", "{64A57AB6-AB80-A24B-AAC7-4EEFE8D5D5F8}"
EndProject
Project("{FAE04EC0-301F-11D3-BF4B-00C04F79EFBC}") = "Patterns.API - Factory Method", "14 - Arquitetura\07 - Design Patterns - Creational\formacao-arquitetura-pos-factory-method\Patterns.API - Factory Method.csproj", "{4BD4D7DD-2CB4-CE6D-33C3-5E9729547908}"
EndProject
Project("{FAE04EC0-301F-11D3-BF4B-00C04F79EFBC}") = "Patterns.API - Prototype", "14 - Arquitetura\07 - Design Patterns - Creational\formacao-arquitetura-pos-prototype\Patterns.API - Prototype.csproj", "{57118C0D-AF27-198B-D8A6-A72C3730FE70}"
EndProject
Project("{FAE04EC0-301F-11D3-BF4B-00C04F79EFBC}") = "Patterns.API - singleton", "14 - Arquitetura\07 - Design Patterns - Creational\formacao-arquitetura-pos-singleton\Patterns.API - singleton.csproj", "{A74FCBD5-8065-79A1-E596-33EFCD22EA55}"
EndProject
Project("{FAE04EC0-301F-11D3-BF4B-00C04F79EFBC}") = "Patterns.API - bridge", "14 - Arquitetura\08 - Design Patterns - Structural\formacao-arquitetura-pos-bridge\Patterns.API - bridge.csproj", "{897E783C-4CB7-92ED-5A34-2CF79D77D59A}"
EndProject
Project("{FAE04EC0-301F-11D3-BF4B-00C04F79EFBC}") = "Patterns.API - composite", "14 - Arquitetura\08 - Design Patterns - Structural\formacao-arquitetura-pos-composite\Patterns.API - composite.csproj", "{5BE593FF-1E11-B068-FDF8-C92333FE8EED}"
EndProject
Project("{FAE04EC0-301F-11D3-BF4B-00C04F79EFBC}") = "Patterns.API - Flyweight", "14 - Arquitetura\08 - Design Patterns - Structural\formacao-arquitetura-pos-Flyweight\Patterns.API - Flyweight.csproj", "{5962DE01-3910-4321-CA65-4087572C09C0}"
EndProject
Project("{FAE04EC0-301F-11D3-BF4B-00C04F79EFBC}") = "Patterns.API - proxy", "14 - Arquitetura\08 - Design Patterns - Structural\formacao-arquitetura-pos-proxy\Patterns.API - proxy.csproj", "{F6BE2A21-9BC0-FB08-76D8-E81475DE8F0A}"
EndProject
Project("{2150E333-8FDC-42A3-9474-1A3956D46DE8}") = "behavioral", "behavioral", "{8329DC11-99DE-4FBD-971F-90322984EB50}"
EndProject
Project("{FAE04EC0-301F-11D3-BF4B-00C04F79EFBC}") = "AwesomeShopPatterns.API", "14 - Arquitetura\09 - Design Patterns - Behavioral\formacao-arquitetura-pos-parte2-patterns-comportamentais\AwesomeShopPatterns.API.csproj", "{AE8540F5-B1C2-6C8E-57D3-96FAF266F9C5}"
EndProject
Project("{2150E333-8FDC-42A3-9474-1A3956D46DE8}") = "ARQUITETURAS DE SOFTWARE", "ARQUITETURAS DE SOFTWARE", "{ECFECD94-E8AF-423E-9444-CF97A5975CA1}"
EndProject
Project("{2150E333-8FDC-42A3-9474-1A3956D46DE8}") = "ArquiteturaHexagonal", "ArquiteturaHexagonal", "{E2F21B8D-94F7-4D6A-A7B0-4F10AA30EA83}"
EndProject
Project("{FAE04EC0-301F-11D3-BF4B-00C04F79EFBC}") = "HexagonalArchitecture.API", "14 - Arquitetura\10 - Arquiteturas de Software\Hexagonal\HexagonalArchitecture.API\HexagonalArchitecture.API.csproj", "{41C65340-2B3D-C82C-0490-0CBF613B4C37}"
EndProject
Project("{FAE04EC0-301F-11D3-BF4B-00C04F79EFBC}") = "HexagonalArchitecture.Application", "14 - Arquitetura\10 - Arquiteturas de Software\Hexagonal\HexagonalArchitecture.Application\HexagonalArchitecture.Application.csproj", "{D4C6F154-6A89-975F-7CF4-9000627FAAA4}"
EndProject
Project("{FAE04EC0-301F-11D3-BF4B-00C04F79EFBC}") = "HexagonalArchitecture.Domain", "14 - Arquitetura\10 - Arquiteturas de Software\Hexagonal\HexagonalArchitecture.Domain\HexagonalArchitecture.Domain.csproj", "{5BE4FA89-D1BA-9092-455C-42093534941C}"
EndProject
Project("{FAE04EC0-301F-11D3-BF4B-00C04F79EFBC}") = "HexagonalArchitecture.Infrastructure", "14 - Arquitetura\10 - Arquiteturas de Software\Hexagonal\HexagonalArchitecture.Infrastructure\HexagonalArchitecture.Infrastructure.csproj", "{990646F7-E598-FA8F-D7E7-2702312AC728}"
EndProject
Project("{2150E333-8FDC-42A3-9474-1A3956D46DE8}") = "ArquiteturaLimpa", "ArquiteturaLimpa", "{8194E1AC-8ADC-433D-89CA-61486DC7EFD3}"
EndProject
Project("{FAE04EC0-301F-11D3-BF4B-00C04F79EFBC}") = "CleanArchitecture.API", "14 - Arquitetura\10 - Arquiteturas de Software\Limpa\CleanArchitecture.API\CleanArchitecture.API.csproj", "{CD4738CB-4F9A-2656-09E8-673734C7BD26}"
EndProject
Project("{FAE04EC0-301F-11D3-BF4B-00C04F79EFBC}") = "CleanArchitecture.Application", "14 - Arquitetura\10 - Arquiteturas de Software\Limpa\CleanArchitecture.Application\CleanArchitecture.Application.csproj", "{73D3449A-3D01-0C64-A418-867308902D06}"
EndProject
Project("{FAE04EC0-301F-11D3-BF4B-00C04F79EFBC}") = "CleanArchitecture.Core", "14 - Arquitetura\10 - Arquiteturas de Software\Limpa\CleanArchitecture.Core\CleanArchitecture.Core.csproj", "{E558D603-0935-0003-0AB0-2D78AAC1B291}"
EndProject
Project("{FAE04EC0-301F-11D3-BF4B-00C04F79EFBC}") = "CleanArchitecture.Infrastructure", "14 - Arquitetura\10 - Arquiteturas de Software\Limpa\CleanArchitecture.Infrastructure\CleanArchitecture.Infrastructure.csproj", "{29888535-BAD6-F4C4-E07A-7F2FF7927763}"
EndProject
Project("{2150E333-8FDC-42A3-9474-1A3956D46DE8}") = "Itens de Solução", "Itens de Solução", "{2D52ACC6-54B9-49E8-992D-C1F54DB24C0B}"
	ProjectSection(SolutionItems) = preProject
		README.md = README.md
	EndProjectSection
EndProject
Global
	GlobalSection(SolutionConfigurationPlatforms) = preSolution
		Debug|Any CPU = Debug|Any CPU
		Release|Any CPU = Release|Any CPU
	EndGlobalSection
	GlobalSection(ProjectConfigurationPlatforms) = postSolution
		{6D2D4A06-555F-6B42-CF3C-F9F44103606A}.Debug|Any CPU.ActiveCfg = Debug|Any CPU
		{6D2D4A06-555F-6B42-CF3C-F9F44103606A}.Debug|Any CPU.Build.0 = Debug|Any CPU
		{6D2D4A06-555F-6B42-CF3C-F9F44103606A}.Release|Any CPU.ActiveCfg = Release|Any CPU
		{6D2D4A06-555F-6B42-CF3C-F9F44103606A}.Release|Any CPU.Build.0 = Release|Any CPU
		{1BC1D854-A416-C6B2-C945-738870B5DEDD}.Debug|Any CPU.ActiveCfg = Debug|Any CPU
		{1BC1D854-A416-C6B2-C945-738870B5DEDD}.Debug|Any CPU.Build.0 = Debug|Any CPU
		{1BC1D854-A416-C6B2-C945-738870B5DEDD}.Release|Any CPU.ActiveCfg = Release|Any CPU
		{1BC1D854-A416-C6B2-C945-738870B5DEDD}.Release|Any CPU.Build.0 = Release|Any CPU
		{0C9CE3DD-89B5-99D9-2D66-99FB3B8F1AE7}.Debug|Any CPU.ActiveCfg = Debug|Any CPU
		{0C9CE3DD-89B5-99D9-2D66-99FB3B8F1AE7}.Debug|Any CPU.Build.0 = Debug|Any CPU
		{0C9CE3DD-89B5-99D9-2D66-99FB3B8F1AE7}.Release|Any CPU.ActiveCfg = Release|Any CPU
		{0C9CE3DD-89B5-99D9-2D66-99FB3B8F1AE7}.Release|Any CPU.Build.0 = Release|Any CPU
		{38D58877-C169-25C9-69CE-D3B20E7F5601}.Debug|Any CPU.ActiveCfg = Debug|Any CPU
		{38D58877-C169-25C9-69CE-D3B20E7F5601}.Debug|Any CPU.Build.0 = Debug|Any CPU
		{38D58877-C169-25C9-69CE-D3B20E7F5601}.Release|Any CPU.ActiveCfg = Release|Any CPU
		{38D58877-C169-25C9-69CE-D3B20E7F5601}.Release|Any CPU.Build.0 = Release|Any CPU
		{338E7D49-3DA4-5000-4DCD-9051E58E390A}.Debug|Any CPU.ActiveCfg = Debug|Any CPU
		{338E7D49-3DA4-5000-4DCD-9051E58E390A}.Debug|Any CPU.Build.0 = Debug|Any CPU
		{338E7D49-3DA4-5000-4DCD-9051E58E390A}.Release|Any CPU.ActiveCfg = Release|Any CPU
		{338E7D49-3DA4-5000-4DCD-9051E58E390A}.Release|Any CPU.Build.0 = Release|Any CPU
		{90F86B1A-AC8D-6E57-55A2-EB99D9FF10DE}.Debug|Any CPU.ActiveCfg = Debug|Any CPU
		{90F86B1A-AC8D-6E57-55A2-EB99D9FF10DE}.Debug|Any CPU.Build.0 = Debug|Any CPU
		{90F86B1A-AC8D-6E57-55A2-EB99D9FF10DE}.Release|Any CPU.ActiveCfg = Release|Any CPU
		{90F86B1A-AC8D-6E57-55A2-EB99D9FF10DE}.Release|Any CPU.Build.0 = Release|Any CPU
		{1BAC6BC1-7529-6B7E-13D9-85CE549C99D1}.Debug|Any CPU.ActiveCfg = Debug|Any CPU
		{1BAC6BC1-7529-6B7E-13D9-85CE549C99D1}.Debug|Any CPU.Build.0 = Debug|Any CPU
		{1BAC6BC1-7529-6B7E-13D9-85CE549C99D1}.Release|Any CPU.ActiveCfg = Release|Any CPU
		{1BAC6BC1-7529-6B7E-13D9-85CE549C99D1}.Release|Any CPU.Build.0 = Release|Any CPU
		{C4382B4A-41B2-9DAF-9E60-FE5CAD73149B}.Debug|Any CPU.ActiveCfg = Debug|Any CPU
		{C4382B4A-41B2-9DAF-9E60-FE5CAD73149B}.Debug|Any CPU.Build.0 = Debug|Any CPU
		{C4382B4A-41B2-9DAF-9E60-FE5CAD73149B}.Release|Any CPU.ActiveCfg = Release|Any CPU
		{C4382B4A-41B2-9DAF-9E60-FE5CAD73149B}.Release|Any CPU.Build.0 = Release|Any CPU
		{CA8BF2C7-AF06-7CFC-F640-9AA6896403DD}.Debug|Any CPU.ActiveCfg = Debug|Any CPU
		{CA8BF2C7-AF06-7CFC-F640-9AA6896403DD}.Debug|Any CPU.Build.0 = Debug|Any CPU
		{CA8BF2C7-AF06-7CFC-F640-9AA6896403DD}.Release|Any CPU.ActiveCfg = Release|Any CPU
		{CA8BF2C7-AF06-7CFC-F640-9AA6896403DD}.Release|Any CPU.Build.0 = Release|Any CPU
		{1F98B988-9FFB-66BD-1899-584D3F688180}.Debug|Any CPU.ActiveCfg = Debug|Any CPU
		{1F98B988-9FFB-66BD-1899-584D3F688180}.Debug|Any CPU.Build.0 = Debug|Any CPU
		{1F98B988-9FFB-66BD-1899-584D3F688180}.Release|Any CPU.ActiveCfg = Release|Any CPU
		{1F98B988-9FFB-66BD-1899-584D3F688180}.Release|Any CPU.Build.0 = Release|Any CPU
		{E996F0D5-F440-EF58-1109-7ADAF111A929}.Debug|Any CPU.ActiveCfg = Debug|Any CPU
		{E996F0D5-F440-EF58-1109-7ADAF111A929}.Debug|Any CPU.Build.0 = Debug|Any CPU
		{E996F0D5-F440-EF58-1109-7ADAF111A929}.Release|Any CPU.ActiveCfg = Release|Any CPU
		{E996F0D5-F440-EF58-1109-7ADAF111A929}.Release|Any CPU.Build.0 = Release|Any CPU
		{EE78BED8-1BB3-3E83-BCD2-8EAB27AEFD01}.Debug|Any CPU.ActiveCfg = Debug|Any CPU
		{EE78BED8-1BB3-3E83-BCD2-8EAB27AEFD01}.Debug|Any CPU.Build.0 = Debug|Any CPU
		{EE78BED8-1BB3-3E83-BCD2-8EAB27AEFD01}.Release|Any CPU.ActiveCfg = Release|Any CPU
		{EE78BED8-1BB3-3E83-BCD2-8EAB27AEFD01}.Release|Any CPU.Build.0 = Release|Any CPU
		{FFA92DA2-EAE3-214B-6689-76DA16A3AE8E}.Debug|Any CPU.ActiveCfg = Debug|Any CPU
		{FFA92DA2-EAE3-214B-6689-76DA16A3AE8E}.Debug|Any CPU.Build.0 = Debug|Any CPU
		{FFA92DA2-EAE3-214B-6689-76DA16A3AE8E}.Release|Any CPU.ActiveCfg = Release|Any CPU
		{FFA92DA2-EAE3-214B-6689-76DA16A3AE8E}.Release|Any CPU.Build.0 = Release|Any CPU
		{A017DC03-AC56-D267-7341-230EFC754C40}.Debug|Any CPU.ActiveCfg = Debug|Any CPU
		{A017DC03-AC56-D267-7341-230EFC754C40}.Debug|Any CPU.Build.0 = Debug|Any CPU
		{A017DC03-AC56-D267-7341-230EFC754C40}.Release|Any CPU.ActiveCfg = Release|Any CPU
		{A017DC03-AC56-D267-7341-230EFC754C40}.Release|Any CPU.Build.0 = Release|Any CPU
		{5A23A8D7-7E7D-F0DA-DBB3-2F14BAEDF83F}.Debug|Any CPU.ActiveCfg = Debug|Any CPU
		{5A23A8D7-7E7D-F0DA-DBB3-2F14BAEDF83F}.Debug|Any CPU.Build.0 = Debug|Any CPU
		{5A23A8D7-7E7D-F0DA-DBB3-2F14BAEDF83F}.Release|Any CPU.ActiveCfg = Release|Any CPU
		{5A23A8D7-7E7D-F0DA-DBB3-2F14BAEDF83F}.Release|Any CPU.Build.0 = Release|Any CPU
		{9F1FED26-50C7-FD44-42EE-8F5831BEC2A1}.Debug|Any CPU.ActiveCfg = Debug|Any CPU
		{9F1FED26-50C7-FD44-42EE-8F5831BEC2A1}.Debug|Any CPU.Build.0 = Debug|Any CPU
		{9F1FED26-50C7-FD44-42EE-8F5831BEC2A1}.Release|Any CPU.ActiveCfg = Release|Any CPU
		{9F1FED26-50C7-FD44-42EE-8F5831BEC2A1}.Release|Any CPU.Build.0 = Release|Any CPU
		{F52E87E5-5DC0-BA63-BE29-D1E9CBF226AC}.Debug|Any CPU.ActiveCfg = Debug|Any CPU
		{F52E87E5-5DC0-BA63-BE29-D1E9CBF226AC}.Debug|Any CPU.Build.0 = Debug|Any CPU
		{F52E87E5-5DC0-BA63-BE29-D1E9CBF226AC}.Release|Any CPU.ActiveCfg = Release|Any CPU
		{F52E87E5-5DC0-BA63-BE29-D1E9CBF226AC}.Release|Any CPU.Build.0 = Release|Any CPU
		{B25AD2F5-DD38-116F-4C60-1A9EB1A42177}.Debug|Any CPU.ActiveCfg = Debug|Any CPU
		{B25AD2F5-DD38-116F-4C60-1A9EB1A42177}.Debug|Any CPU.Build.0 = Debug|Any CPU
		{B25AD2F5-DD38-116F-4C60-1A9EB1A42177}.Release|Any CPU.ActiveCfg = Release|Any CPU
		{B25AD2F5-DD38-116F-4C60-1A9EB1A42177}.Release|Any CPU.Build.0 = Release|Any CPU
		{D8DD0439-A521-2AC3-BD16-BB21B86AB2F5}.Debug|Any CPU.ActiveCfg = Debug|Any CPU
		{D8DD0439-A521-2AC3-BD16-BB21B86AB2F5}.Debug|Any CPU.Build.0 = Debug|Any CPU
		{D8DD0439-A521-2AC3-BD16-BB21B86AB2F5}.Release|Any CPU.ActiveCfg = Release|Any CPU
		{D8DD0439-A521-2AC3-BD16-BB21B86AB2F5}.Release|Any CPU.Build.0 = Release|Any CPU
		{E3EB9724-E573-F352-535A-32BB9B2BBA17}.Debug|Any CPU.ActiveCfg = Debug|Any CPU
		{E3EB9724-E573-F352-535A-32BB9B2BBA17}.Debug|Any CPU.Build.0 = Debug|Any CPU
		{E3EB9724-E573-F352-535A-32BB9B2BBA17}.Release|Any CPU.ActiveCfg = Release|Any CPU
		{E3EB9724-E573-F352-535A-32BB9B2BBA17}.Release|Any CPU.Build.0 = Release|Any CPU
		{51DB042B-A4D3-DC6A-EA8A-25D674328C95}.Debug|Any CPU.ActiveCfg = Debug|Any CPU
		{51DB042B-A4D3-DC6A-EA8A-25D674328C95}.Debug|Any CPU.Build.0 = Debug|Any CPU
		{51DB042B-A4D3-DC6A-EA8A-25D674328C95}.Release|Any CPU.ActiveCfg = Release|Any CPU
		{51DB042B-A4D3-DC6A-EA8A-25D674328C95}.Release|Any CPU.Build.0 = Release|Any CPU
		{6FBA0839-C358-C771-2D9D-6948C51C9A9C}.Debug|Any CPU.ActiveCfg = Debug|Any CPU
		{6FBA0839-C358-C771-2D9D-6948C51C9A9C}.Debug|Any CPU.Build.0 = Debug|Any CPU
		{6FBA0839-C358-C771-2D9D-6948C51C9A9C}.Release|Any CPU.ActiveCfg = Release|Any CPU
		{6FBA0839-C358-C771-2D9D-6948C51C9A9C}.Release|Any CPU.Build.0 = Release|Any CPU
		{18B8D3AF-7BF3-BA1A-1951-142D814F51F7}.Debug|Any CPU.ActiveCfg = Debug|Any CPU
		{18B8D3AF-7BF3-BA1A-1951-142D814F51F7}.Debug|Any CPU.Build.0 = Debug|Any CPU
		{18B8D3AF-7BF3-BA1A-1951-142D814F51F7}.Release|Any CPU.ActiveCfg = Release|Any CPU
		{18B8D3AF-7BF3-BA1A-1951-142D814F51F7}.Release|Any CPU.Build.0 = Release|Any CPU
		{C98B187E-339A-4E15-E108-46D9874E0F7E}.Debug|Any CPU.ActiveCfg = Debug|Any CPU
		{C98B187E-339A-4E15-E108-46D9874E0F7E}.Debug|Any CPU.Build.0 = Debug|Any CPU
		{C98B187E-339A-4E15-E108-46D9874E0F7E}.Release|Any CPU.ActiveCfg = Release|Any CPU
		{C98B187E-339A-4E15-E108-46D9874E0F7E}.Release|Any CPU.Build.0 = Release|Any CPU
		{F708EB8F-AE5B-F259-1EA5-73D65E02AA42}.Debug|Any CPU.ActiveCfg = Debug|Any CPU
		{F708EB8F-AE5B-F259-1EA5-73D65E02AA42}.Debug|Any CPU.Build.0 = Debug|Any CPU
		{F708EB8F-AE5B-F259-1EA5-73D65E02AA42}.Release|Any CPU.ActiveCfg = Release|Any CPU
		{F708EB8F-AE5B-F259-1EA5-73D65E02AA42}.Release|Any CPU.Build.0 = Release|Any CPU
		{A207517B-D0E5-D19C-1AEC-387EC8AE0C77}.Debug|Any CPU.ActiveCfg = Debug|Any CPU
		{A207517B-D0E5-D19C-1AEC-387EC8AE0C77}.Debug|Any CPU.Build.0 = Debug|Any CPU
		{A207517B-D0E5-D19C-1AEC-387EC8AE0C77}.Release|Any CPU.ActiveCfg = Release|Any CPU
		{A207517B-D0E5-D19C-1AEC-387EC8AE0C77}.Release|Any CPU.Build.0 = Release|Any CPU
		{F95B155C-0B6B-CBE8-5954-FFF973606097}.Debug|Any CPU.ActiveCfg = Debug|Any CPU
		{F95B155C-0B6B-CBE8-5954-FFF973606097}.Debug|Any CPU.Build.0 = Debug|Any CPU
		{F95B155C-0B6B-CBE8-5954-FFF973606097}.Release|Any CPU.ActiveCfg = Release|Any CPU
		{F95B155C-0B6B-CBE8-5954-FFF973606097}.Release|Any CPU.Build.0 = Release|Any CPU
		{34EE4BFB-102D-B8DB-0FDB-B5DE5C7297AE}.Debug|Any CPU.ActiveCfg = Debug|Any CPU
		{34EE4BFB-102D-B8DB-0FDB-B5DE5C7297AE}.Debug|Any CPU.Build.0 = Debug|Any CPU
		{34EE4BFB-102D-B8DB-0FDB-B5DE5C7297AE}.Release|Any CPU.ActiveCfg = Release|Any CPU
		{34EE4BFB-102D-B8DB-0FDB-B5DE5C7297AE}.Release|Any CPU.Build.0 = Release|Any CPU
		{7CD5C370-8474-C46F-C15E-92EC2498178C}.Debug|Any CPU.ActiveCfg = Debug|Any CPU
		{7CD5C370-8474-C46F-C15E-92EC2498178C}.Debug|Any CPU.Build.0 = Debug|Any CPU
		{7CD5C370-8474-C46F-C15E-92EC2498178C}.Release|Any CPU.ActiveCfg = Release|Any CPU
		{7CD5C370-8474-C46F-C15E-92EC2498178C}.Release|Any CPU.Build.0 = Release|Any CPU
		{F8653DBE-3AE6-AE7F-FFB5-392EC6B3053B}.Debug|Any CPU.ActiveCfg = Debug|Any CPU
		{F8653DBE-3AE6-AE7F-FFB5-392EC6B3053B}.Debug|Any CPU.Build.0 = Debug|Any CPU
		{F8653DBE-3AE6-AE7F-FFB5-392EC6B3053B}.Release|Any CPU.ActiveCfg = Release|Any CPU
		{F8653DBE-3AE6-AE7F-FFB5-392EC6B3053B}.Release|Any CPU.Build.0 = Release|Any CPU
		{93F5405C-A9FC-E0CC-223B-34F59F6A5BE0}.Debug|Any CPU.ActiveCfg = Debug|Any CPU
		{93F5405C-A9FC-E0CC-223B-34F59F6A5BE0}.Debug|Any CPU.Build.0 = Debug|Any CPU
		{93F5405C-A9FC-E0CC-223B-34F59F6A5BE0}.Release|Any CPU.ActiveCfg = Release|Any CPU
		{93F5405C-A9FC-E0CC-223B-34F59F6A5BE0}.Release|Any CPU.Build.0 = Release|Any CPU
		{8F169903-CDA3-195B-5E27-6004663BAEA2}.Debug|Any CPU.ActiveCfg = Debug|Any CPU
		{8F169903-CDA3-195B-5E27-6004663BAEA2}.Debug|Any CPU.Build.0 = Debug|Any CPU
		{8F169903-CDA3-195B-5E27-6004663BAEA2}.Release|Any CPU.ActiveCfg = Release|Any CPU
		{8F169903-CDA3-195B-5E27-6004663BAEA2}.Release|Any CPU.Build.0 = Release|Any CPU
		{5B6DF1C5-122A-1DE1-EC4C-1F457DAA7B30}.Debug|Any CPU.ActiveCfg = Debug|Any CPU
		{5B6DF1C5-122A-1DE1-EC4C-1F457DAA7B30}.Debug|Any CPU.Build.0 = Debug|Any CPU
		{5B6DF1C5-122A-1DE1-EC4C-1F457DAA7B30}.Release|Any CPU.ActiveCfg = Release|Any CPU
		{5B6DF1C5-122A-1DE1-EC4C-1F457DAA7B30}.Release|Any CPU.Build.0 = Release|Any CPU
		{D2D41659-0CE6-3EBE-27FE-DA3BB002C109}.Debug|Any CPU.ActiveCfg = Debug|Any CPU
		{D2D41659-0CE6-3EBE-27FE-DA3BB002C109}.Debug|Any CPU.Build.0 = Debug|Any CPU
		{D2D41659-0CE6-3EBE-27FE-DA3BB002C109}.Release|Any CPU.ActiveCfg = Release|Any CPU
		{D2D41659-0CE6-3EBE-27FE-DA3BB002C109}.Release|Any CPU.Build.0 = Release|Any CPU
		{1161F398-0355-91E6-EE5F-1AB8F2963CE8}.Debug|Any CPU.ActiveCfg = Debug|Any CPU
		{1161F398-0355-91E6-EE5F-1AB8F2963CE8}.Debug|Any CPU.Build.0 = Debug|Any CPU
		{1161F398-0355-91E6-EE5F-1AB8F2963CE8}.Release|Any CPU.ActiveCfg = Release|Any CPU
		{1161F398-0355-91E6-EE5F-1AB8F2963CE8}.Release|Any CPU.Build.0 = Release|Any CPU
		{3143E174-067D-C95C-4529-B56FD280510C}.Debug|Any CPU.ActiveCfg = Debug|Any CPU
		{3143E174-067D-C95C-4529-B56FD280510C}.Debug|Any CPU.Build.0 = Debug|Any CPU
		{3143E174-067D-C95C-4529-B56FD280510C}.Release|Any CPU.ActiveCfg = Release|Any CPU
		{3143E174-067D-C95C-4529-B56FD280510C}.Release|Any CPU.Build.0 = Release|Any CPU
		{9513C745-00B4-85DD-CA3A-AF84918C5A59}.Debug|Any CPU.ActiveCfg = Debug|Any CPU
		{9513C745-00B4-85DD-CA3A-AF84918C5A59}.Debug|Any CPU.Build.0 = Debug|Any CPU
		{9513C745-00B4-85DD-CA3A-AF84918C5A59}.Release|Any CPU.ActiveCfg = Release|Any CPU
		{9513C745-00B4-85DD-CA3A-AF84918C5A59}.Release|Any CPU.Build.0 = Release|Any CPU
		{5CDEBF84-7A7A-A534-119F-994FD7A5F4F8}.Debug|Any CPU.ActiveCfg = Debug|Any CPU
		{5CDEBF84-7A7A-A534-119F-994FD7A5F4F8}.Debug|Any CPU.Build.0 = Debug|Any CPU
		{5CDEBF84-7A7A-A534-119F-994FD7A5F4F8}.Release|Any CPU.ActiveCfg = Release|Any CPU
		{5CDEBF84-7A7A-A534-119F-994FD7A5F4F8}.Release|Any CPU.Build.0 = Release|Any CPU
		{E84C2C06-5123-F92E-9091-766D553747BF}.Debug|Any CPU.ActiveCfg = Debug|Any CPU
		{E84C2C06-5123-F92E-9091-766D553747BF}.Debug|Any CPU.Build.0 = Debug|Any CPU
		{E84C2C06-5123-F92E-9091-766D553747BF}.Release|Any CPU.ActiveCfg = Release|Any CPU
		{E84C2C06-5123-F92E-9091-766D553747BF}.Release|Any CPU.Build.0 = Release|Any CPU
		{8D3DD315-2218-0B7B-DAB9-7C54DE2BF10B}.Debug|Any CPU.ActiveCfg = Debug|Any CPU
		{8D3DD315-2218-0B7B-DAB9-7C54DE2BF10B}.Debug|Any CPU.Build.0 = Debug|Any CPU
		{8D3DD315-2218-0B7B-DAB9-7C54DE2BF10B}.Release|Any CPU.ActiveCfg = Release|Any CPU
		{8D3DD315-2218-0B7B-DAB9-7C54DE2BF10B}.Release|Any CPU.Build.0 = Release|Any CPU
		{7A5825B3-0C86-2B1F-B61D-28CAB2B70078}.Debug|Any CPU.ActiveCfg = Debug|Any CPU
		{7A5825B3-0C86-2B1F-B61D-28CAB2B70078}.Debug|Any CPU.Build.0 = Debug|Any CPU
		{7A5825B3-0C86-2B1F-B61D-28CAB2B70078}.Release|Any CPU.ActiveCfg = Release|Any CPU
		{7A5825B3-0C86-2B1F-B61D-28CAB2B70078}.Release|Any CPU.Build.0 = Release|Any CPU
		{7D361123-9D53-4549-9759-7F3737D78AC1}.Debug|Any CPU.ActiveCfg = Debug|Any CPU
		{7D361123-9D53-4549-9759-7F3737D78AC1}.Debug|Any CPU.Build.0 = Debug|Any CPU
		{7D361123-9D53-4549-9759-7F3737D78AC1}.Release|Any CPU.ActiveCfg = Release|Any CPU
		{7D361123-9D53-4549-9759-7F3737D78AC1}.Release|Any CPU.Build.0 = Release|Any CPU
		{60513D6E-238D-21AB-90D0-82D347F05F9C}.Debug|Any CPU.ActiveCfg = Debug|Any CPU
		{60513D6E-238D-21AB-90D0-82D347F05F9C}.Debug|Any CPU.Build.0 = Debug|Any CPU
		{60513D6E-238D-21AB-90D0-82D347F05F9C}.Release|Any CPU.ActiveCfg = Release|Any CPU
		{60513D6E-238D-21AB-90D0-82D347F05F9C}.Release|Any CPU.Build.0 = Release|Any CPU
		{DF48E4DA-7C60-467B-68F5-C0C19F39C7B3}.Debug|Any CPU.ActiveCfg = Debug|Any CPU
		{DF48E4DA-7C60-467B-68F5-C0C19F39C7B3}.Debug|Any CPU.Build.0 = Debug|Any CPU
		{DF48E4DA-7C60-467B-68F5-C0C19F39C7B3}.Release|Any CPU.ActiveCfg = Release|Any CPU
		{DF48E4DA-7C60-467B-68F5-C0C19F39C7B3}.Release|Any CPU.Build.0 = Release|Any CPU
		{4B7A1672-AF29-FDBF-465A-A48F3B147AB8}.Debug|Any CPU.ActiveCfg = Debug|Any CPU
		{4B7A1672-AF29-FDBF-465A-A48F3B147AB8}.Debug|Any CPU.Build.0 = Debug|Any CPU
		{4B7A1672-AF29-FDBF-465A-A48F3B147AB8}.Release|Any CPU.ActiveCfg = Release|Any CPU
		{4B7A1672-AF29-FDBF-465A-A48F3B147AB8}.Release|Any CPU.Build.0 = Release|Any CPU
		{D2254C69-1E18-8302-B7F2-0B5740F5630E}.Debug|Any CPU.ActiveCfg = Debug|Any CPU
		{D2254C69-1E18-8302-B7F2-0B5740F5630E}.Debug|Any CPU.Build.0 = Debug|Any CPU
		{D2254C69-1E18-8302-B7F2-0B5740F5630E}.Release|Any CPU.ActiveCfg = Release|Any CPU
		{D2254C69-1E18-8302-B7F2-0B5740F5630E}.Release|Any CPU.Build.0 = Release|Any CPU
		{14566E2C-4203-54AE-55CE-2DDD442DC322}.Debug|Any CPU.ActiveCfg = Debug|Any CPU
		{14566E2C-4203-54AE-55CE-2DDD442DC322}.Debug|Any CPU.Build.0 = Debug|Any CPU
		{14566E2C-4203-54AE-55CE-2DDD442DC322}.Release|Any CPU.ActiveCfg = Release|Any CPU
		{14566E2C-4203-54AE-55CE-2DDD442DC322}.Release|Any CPU.Build.0 = Release|Any CPU
		{16D77239-546E-B307-FA90-A78C1752A388}.Debug|Any CPU.ActiveCfg = Debug|Any CPU
		{16D77239-546E-B307-FA90-A78C1752A388}.Debug|Any CPU.Build.0 = Debug|Any CPU
		{16D77239-546E-B307-FA90-A78C1752A388}.Release|Any CPU.ActiveCfg = Release|Any CPU
		{16D77239-546E-B307-FA90-A78C1752A388}.Release|Any CPU.Build.0 = Release|Any CPU
		{16D9672E-D60D-744F-F479-1808B3E279C1}.Debug|Any CPU.ActiveCfg = Debug|Any CPU
		{16D9672E-D60D-744F-F479-1808B3E279C1}.Debug|Any CPU.Build.0 = Debug|Any CPU
		{16D9672E-D60D-744F-F479-1808B3E279C1}.Release|Any CPU.ActiveCfg = Release|Any CPU
		{16D9672E-D60D-744F-F479-1808B3E279C1}.Release|Any CPU.Build.0 = Release|Any CPU
		{64A57AB6-AB80-A24B-AAC7-4EEFE8D5D5F8}.Debug|Any CPU.ActiveCfg = Debug|Any CPU
		{64A57AB6-AB80-A24B-AAC7-4EEFE8D5D5F8}.Debug|Any CPU.Build.0 = Debug|Any CPU
		{64A57AB6-AB80-A24B-AAC7-4EEFE8D5D5F8}.Release|Any CPU.ActiveCfg = Release|Any CPU
		{64A57AB6-AB80-A24B-AAC7-4EEFE8D5D5F8}.Release|Any CPU.Build.0 = Release|Any CPU
		{4BD4D7DD-2CB4-CE6D-33C3-5E9729547908}.Debug|Any CPU.ActiveCfg = Debug|Any CPU
		{4BD4D7DD-2CB4-CE6D-33C3-5E9729547908}.Debug|Any CPU.Build.0 = Debug|Any CPU
		{4BD4D7DD-2CB4-CE6D-33C3-5E9729547908}.Release|Any CPU.ActiveCfg = Release|Any CPU
		{4BD4D7DD-2CB4-CE6D-33C3-5E9729547908}.Release|Any CPU.Build.0 = Release|Any CPU
		{57118C0D-AF27-198B-D8A6-A72C3730FE70}.Debug|Any CPU.ActiveCfg = Debug|Any CPU
		{57118C0D-AF27-198B-D8A6-A72C3730FE70}.Debug|Any CPU.Build.0 = Debug|Any CPU
		{57118C0D-AF27-198B-D8A6-A72C3730FE70}.Release|Any CPU.ActiveCfg = Release|Any CPU
		{57118C0D-AF27-198B-D8A6-A72C3730FE70}.Release|Any CPU.Build.0 = Release|Any CPU
		{A74FCBD5-8065-79A1-E596-33EFCD22EA55}.Debug|Any CPU.ActiveCfg = Debug|Any CPU
		{A74FCBD5-8065-79A1-E596-33EFCD22EA55}.Debug|Any CPU.Build.0 = Debug|Any CPU
		{A74FCBD5-8065-79A1-E596-33EFCD22EA55}.Release|Any CPU.ActiveCfg = Release|Any CPU
		{A74FCBD5-8065-79A1-E596-33EFCD22EA55}.Release|Any CPU.Build.0 = Release|Any CPU
		{897E783C-4CB7-92ED-5A34-2CF79D77D59A}.Debug|Any CPU.ActiveCfg = Debug|Any CPU
		{897E783C-4CB7-92ED-5A34-2CF79D77D59A}.Debug|Any CPU.Build.0 = Debug|Any CPU
		{897E783C-4CB7-92ED-5A34-2CF79D77D59A}.Release|Any CPU.ActiveCfg = Release|Any CPU
		{897E783C-4CB7-92ED-5A34-2CF79D77D59A}.Release|Any CPU.Build.0 = Release|Any CPU
		{5BE593FF-1E11-B068-FDF8-C92333FE8EED}.Debug|Any CPU.ActiveCfg = Debug|Any CPU
		{5BE593FF-1E11-B068-FDF8-C92333FE8EED}.Debug|Any CPU.Build.0 = Debug|Any CPU
		{5BE593FF-1E11-B068-FDF8-C92333FE8EED}.Release|Any CPU.ActiveCfg = Release|Any CPU
		{5BE593FF-1E11-B068-FDF8-C92333FE8EED}.Release|Any CPU.Build.0 = Release|Any CPU
		{5962DE01-3910-4321-CA65-4087572C09C0}.Debug|Any CPU.ActiveCfg = Debug|Any CPU
		{5962DE01-3910-4321-CA65-4087572C09C0}.Debug|Any CPU.Build.0 = Debug|Any CPU
		{5962DE01-3910-4321-CA65-4087572C09C0}.Release|Any CPU.ActiveCfg = Release|Any CPU
		{5962DE01-3910-4321-CA65-4087572C09C0}.Release|Any CPU.Build.0 = Release|Any CPU
		{F6BE2A21-9BC0-FB08-76D8-E81475DE8F0A}.Debug|Any CPU.ActiveCfg = Debug|Any CPU
		{F6BE2A21-9BC0-FB08-76D8-E81475DE8F0A}.Debug|Any CPU.Build.0 = Debug|Any CPU
		{F6BE2A21-9BC0-FB08-76D8-E81475DE8F0A}.Release|Any CPU.ActiveCfg = Release|Any CPU
		{F6BE2A21-9BC0-FB08-76D8-E81475DE8F0A}.Release|Any CPU.Build.0 = Release|Any CPU
		{AE8540F5-B1C2-6C8E-57D3-96FAF266F9C5}.Debug|Any CPU.ActiveCfg = Debug|Any CPU
		{AE8540F5-B1C2-6C8E-57D3-96FAF266F9C5}.Debug|Any CPU.Build.0 = Debug|Any CPU
		{AE8540F5-B1C2-6C8E-57D3-96FAF266F9C5}.Release|Any CPU.ActiveCfg = Release|Any CPU
		{AE8540F5-B1C2-6C8E-57D3-96FAF266F9C5}.Release|Any CPU.Build.0 = Release|Any CPU
		{41C65340-2B3D-C82C-0490-0CBF613B4C37}.Debug|Any CPU.ActiveCfg = Debug|Any CPU
		{41C65340-2B3D-C82C-0490-0CBF613B4C37}.Debug|Any CPU.Build.0 = Debug|Any CPU
		{41C65340-2B3D-C82C-0490-0CBF613B4C37}.Release|Any CPU.ActiveCfg = Release|Any CPU
		{41C65340-2B3D-C82C-0490-0CBF613B4C37}.Release|Any CPU.Build.0 = Release|Any CPU
		{D4C6F154-6A89-975F-7CF4-9000627FAAA4}.Debug|Any CPU.ActiveCfg = Debug|Any CPU
		{D4C6F154-6A89-975F-7CF4-9000627FAAA4}.Debug|Any CPU.Build.0 = Debug|Any CPU
		{D4C6F154-6A89-975F-7CF4-9000627FAAA4}.Release|Any CPU.ActiveCfg = Release|Any CPU
		{D4C6F154-6A89-975F-7CF4-9000627FAAA4}.Release|Any CPU.Build.0 = Release|Any CPU
		{5BE4FA89-D1BA-9092-455C-42093534941C}.Debug|Any CPU.ActiveCfg = Debug|Any CPU
		{5BE4FA89-D1BA-9092-455C-42093534941C}.Debug|Any CPU.Build.0 = Debug|Any CPU
		{5BE4FA89-D1BA-9092-455C-42093534941C}.Release|Any CPU.ActiveCfg = Release|Any CPU
		{5BE4FA89-D1BA-9092-455C-42093534941C}.Release|Any CPU.Build.0 = Release|Any CPU
		{990646F7-E598-FA8F-D7E7-2702312AC728}.Debug|Any CPU.ActiveCfg = Debug|Any CPU
		{990646F7-E598-FA8F-D7E7-2702312AC728}.Debug|Any CPU.Build.0 = Debug|Any CPU
		{990646F7-E598-FA8F-D7E7-2702312AC728}.Release|Any CPU.ActiveCfg = Release|Any CPU
		{990646F7-E598-FA8F-D7E7-2702312AC728}.Release|Any CPU.Build.0 = Release|Any CPU
		{CD4738CB-4F9A-2656-09E8-673734C7BD26}.Debug|Any CPU.ActiveCfg = Debug|Any CPU
		{CD4738CB-4F9A-2656-09E8-673734C7BD26}.Debug|Any CPU.Build.0 = Debug|Any CPU
		{CD4738CB-4F9A-2656-09E8-673734C7BD26}.Release|Any CPU.ActiveCfg = Release|Any CPU
		{CD4738CB-4F9A-2656-09E8-673734C7BD26}.Release|Any CPU.Build.0 = Release|Any CPU
		{73D3449A-3D01-0C64-A418-867308902D06}.Debug|Any CPU.ActiveCfg = Debug|Any CPU
		{73D3449A-3D01-0C64-A418-867308902D06}.Debug|Any CPU.Build.0 = Debug|Any CPU
		{73D3449A-3D01-0C64-A418-867308902D06}.Release|Any CPU.ActiveCfg = Release|Any CPU
		{73D3449A-3D01-0C64-A418-867308902D06}.Release|Any CPU.Build.0 = Release|Any CPU
		{E558D603-0935-0003-0AB0-2D78AAC1B291}.Debug|Any CPU.ActiveCfg = Debug|Any CPU
		{E558D603-0935-0003-0AB0-2D78AAC1B291}.Debug|Any CPU.Build.0 = Debug|Any CPU
		{E558D603-0935-0003-0AB0-2D78AAC1B291}.Release|Any CPU.ActiveCfg = Release|Any CPU
		{E558D603-0935-0003-0AB0-2D78AAC1B291}.Release|Any CPU.Build.0 = Release|Any CPU
		{29888535-BAD6-F4C4-E07A-7F2FF7927763}.Debug|Any CPU.ActiveCfg = Debug|Any CPU
		{29888535-BAD6-F4C4-E07A-7F2FF7927763}.Debug|Any CPU.Build.0 = Debug|Any CPU
		{29888535-BAD6-F4C4-E07A-7F2FF7927763}.Release|Any CPU.ActiveCfg = Release|Any CPU
		{29888535-BAD6-F4C4-E07A-7F2FF7927763}.Release|Any CPU.Build.0 = Release|Any CPU
	EndGlobalSection
	GlobalSection(SolutionProperties) = preSolution
		HideSolutionNode = FALSE
	EndGlobalSection
	GlobalSection(NestedProjects) = preSolution
		{02EA681E-C7D8-13C7-8484-4AC65E1B71E8} = {014B5A01-DB01-4BEB-A8FA-3DD440323A9F}
		{6D2D4A06-555F-6B42-CF3C-F9F44103606A} = {02EA681E-C7D8-13C7-8484-4AC65E1B71E8}
		{56AB5B0F-F943-414B-B4AF-BF4686A09500} = {014B5A01-DB01-4BEB-A8FA-3DD440323A9F}
		{1BC1D854-A416-C6B2-C945-738870B5DEDD} = {56AB5B0F-F943-414B-B4AF-BF4686A09500}
		{0C9CE3DD-89B5-99D9-2D66-99FB3B8F1AE7} = {56AB5B0F-F943-414B-B4AF-BF4686A09500}
		{38D58877-C169-25C9-69CE-D3B20E7F5601} = {56AB5B0F-F943-414B-B4AF-BF4686A09500}
		{338E7D49-3DA4-5000-4DCD-9051E58E390A} = {56AB5B0F-F943-414B-B4AF-BF4686A09500}
		{C077A855-5430-44A5-82CF-9338A8B206DF} = {014B5A01-DB01-4BEB-A8FA-3DD440323A9F}
		{90F86B1A-AC8D-6E57-55A2-EB99D9FF10DE} = {C077A855-5430-44A5-82CF-9338A8B206DF}
		{1BAC6BC1-7529-6B7E-13D9-85CE549C99D1} = {C077A855-5430-44A5-82CF-9338A8B206DF}
		{C4382B4A-41B2-9DAF-9E60-FE5CAD73149B} = {C077A855-5430-44A5-82CF-9338A8B206DF}
		{CA8BF2C7-AF06-7CFC-F640-9AA6896403DD} = {C077A855-5430-44A5-82CF-9338A8B206DF}
		{DE539461-7FDC-4199-B680-AA0DDDADDA6F} = {014B5A01-DB01-4BEB-A8FA-3DD440323A9F}
		{3D7022C5-0FAD-4870-980F-55032606B32F} = {014B5A01-DB01-4BEB-A8FA-3DD440323A9F}
		{1F98B988-9FFB-66BD-1899-584D3F688180} = {3D7022C5-0FAD-4870-980F-55032606B32F}
		{E996F0D5-F440-EF58-1109-7ADAF111A929} = {3D7022C5-0FAD-4870-980F-55032606B32F}
		{EE78BED8-1BB3-3E83-BCD2-8EAB27AEFD01} = {3D7022C5-0FAD-4870-980F-55032606B32F}
		{FFA92DA2-EAE3-214B-6689-76DA16A3AE8E} = {3D7022C5-0FAD-4870-980F-55032606B32F}
		{7208FA1B-2CC8-4FCA-9AA2-390F778994BA} = {014B5A01-DB01-4BEB-A8FA-3DD440323A9F}
		{A017DC03-AC56-D267-7341-230EFC754C40} = {7208FA1B-2CC8-4FCA-9AA2-390F778994BA}
		{5A23A8D7-7E7D-F0DA-DBB3-2F14BAEDF83F} = {7208FA1B-2CC8-4FCA-9AA2-390F778994BA}
		{9F1FED26-50C7-FD44-42EE-8F5831BEC2A1} = {7208FA1B-2CC8-4FCA-9AA2-390F778994BA}
		{F52E87E5-5DC0-BA63-BE29-D1E9CBF226AC} = {7208FA1B-2CC8-4FCA-9AA2-390F778994BA}
		{B25AD2F5-DD38-116F-4C60-1A9EB1A42177} = {DE539461-7FDC-4199-B680-AA0DDDADDA6F}
		{D8DD0439-A521-2AC3-BD16-BB21B86AB2F5} = {DE539461-7FDC-4199-B680-AA0DDDADDA6F}
		{E3EB9724-E573-F352-535A-32BB9B2BBA17} = {DE539461-7FDC-4199-B680-AA0DDDADDA6F}
		{51DB042B-A4D3-DC6A-EA8A-25D674328C95} = {DE539461-7FDC-4199-B680-AA0DDDADDA6F}
		{77895932-3CF6-4215-A8FB-2DA022532DEA} = {014B5A01-DB01-4BEB-A8FA-3DD440323A9F}
		{6FBA0839-C358-C771-2D9D-6948C51C9A9C} = {77895932-3CF6-4215-A8FB-2DA022532DEA}
		{18B8D3AF-7BF3-BA1A-1951-142D814F51F7} = {77895932-3CF6-4215-A8FB-2DA022532DEA}
		{C98B187E-339A-4E15-E108-46D9874E0F7E} = {77895932-3CF6-4215-A8FB-2DA022532DEA}
		{F708EB8F-AE5B-F259-1EA5-73D65E02AA42} = {77895932-3CF6-4215-A8FB-2DA022532DEA}
		{3A19077A-0CDB-48F1-BE08-CC28EAD6970E} = {014B5A01-DB01-4BEB-A8FA-3DD440323A9F}
		{A207517B-D0E5-D19C-1AEC-387EC8AE0C77} = {3A19077A-0CDB-48F1-BE08-CC28EAD6970E}
		{F95B155C-0B6B-CBE8-5954-FFF973606097} = {3A19077A-0CDB-48F1-BE08-CC28EAD6970E}
		{34EE4BFB-102D-B8DB-0FDB-B5DE5C7297AE} = {3A19077A-0CDB-48F1-BE08-CC28EAD6970E}
		{7CD5C370-8474-C46F-C15E-92EC2498178C} = {3A19077A-0CDB-48F1-BE08-CC28EAD6970E}
		{F8653DBE-3AE6-AE7F-FFB5-392EC6B3053B} = {3A19077A-0CDB-48F1-BE08-CC28EAD6970E}
		{246BD92D-DBA3-4F7E-A17F-C26C44B6DD7D} = {014B5A01-DB01-4BEB-A8FA-3DD440323A9F}
		{93F5405C-A9FC-E0CC-223B-34F59F6A5BE0} = {246BD92D-DBA3-4F7E-A17F-C26C44B6DD7D}
		{8F169903-CDA3-195B-5E27-6004663BAEA2} = {246BD92D-DBA3-4F7E-A17F-C26C44B6DD7D}
		{5B6DF1C5-122A-1DE1-EC4C-1F457DAA7B30} = {246BD92D-DBA3-4F7E-A17F-C26C44B6DD7D}
		{D2D41659-0CE6-3EBE-27FE-DA3BB002C109} = {246BD92D-DBA3-4F7E-A17F-C26C44B6DD7D}
		{1161F398-0355-91E6-EE5F-1AB8F2963CE8} = {246BD92D-DBA3-4F7E-A17F-C26C44B6DD7D}
		{3A824943-4958-461B-A3C6-E8739C002154} = {014B5A01-DB01-4BEB-A8FA-3DD440323A9F}
		{3143E174-067D-C95C-4529-B56FD280510C} = {3A824943-4958-461B-A3C6-E8739C002154}
		{9513C745-00B4-85DD-CA3A-AF84918C5A59} = {3A824943-4958-461B-A3C6-E8739C002154}
		{5CDEBF84-7A7A-A534-119F-994FD7A5F4F8} = {3A824943-4958-461B-A3C6-E8739C002154}
		{E84C2C06-5123-F92E-9091-766D553747BF} = {3A824943-4958-461B-A3C6-E8739C002154}
		{8D3DD315-2218-0B7B-DAB9-7C54DE2BF10B} = {3A824943-4958-461B-A3C6-E8739C002154}
		{7A5825B3-0C86-2B1F-B61D-28CAB2B70078} = {CA4F0705-FB4C-49A4-8602-E11F4933FB15}
		{7D361123-9D53-4549-9759-7F3737D78AC1} = {CA4F0705-FB4C-49A4-8602-E11F4933FB15}
		{60513D6E-238D-21AB-90D0-82D347F05F9C} = {CA4F0705-FB4C-49A4-8602-E11F4933FB15}
		{DF48E4DA-7C60-467B-68F5-C0C19F39C7B3} = {CA4F0705-FB4C-49A4-8602-E11F4933FB15}
		{4B7A1672-AF29-FDBF-465A-A48F3B147AB8} = {3CCAC587-30CC-44C0-8900-188191620AED}
		{3CCAC587-30CC-44C0-8900-188191620AED} = {7934B5DE-E06A-45E6-ABA4-D3AB8A54E4D8}
		{F3526533-69BE-4D10-BE50-D1DD23A93D2D} = {7934B5DE-E06A-45E6-ABA4-D3AB8A54E4D8}
		{FE439BEF-1447-4EB9-8392-C57ED698A03F} = {F3526533-69BE-4D10-BE50-D1DD23A93D2D}
		{2731DB81-D1CC-4243-8AB8-E47785142DE5} = {F3526533-69BE-4D10-BE50-D1DD23A93D2D}
		{D2254C69-1E18-8302-B7F2-0B5740F5630E} = {2731DB81-D1CC-4243-8AB8-E47785142DE5}
		{14566E2C-4203-54AE-55CE-2DDD442DC322} = {2731DB81-D1CC-4243-8AB8-E47785142DE5}
		{16D77239-546E-B307-FA90-A78C1752A388} = {2731DB81-D1CC-4243-8AB8-E47785142DE5}
		{16D9672E-D60D-744F-F479-1808B3E279C1} = {FE439BEF-1447-4EB9-8392-C57ED698A03F}
		{64A57AB6-AB80-A24B-AAC7-4EEFE8D5D5F8} = {FE439BEF-1447-4EB9-8392-C57ED698A03F}
		{4BD4D7DD-2CB4-CE6D-33C3-5E9729547908} = {FE439BEF-1447-4EB9-8392-C57ED698A03F}
		{57118C0D-AF27-198B-D8A6-A72C3730FE70} = {FE439BEF-1447-4EB9-8392-C57ED698A03F}
		{A74FCBD5-8065-79A1-E596-33EFCD22EA55} = {FE439BEF-1447-4EB9-8392-C57ED698A03F}
		{897E783C-4CB7-92ED-5A34-2CF79D77D59A} = {2731DB81-D1CC-4243-8AB8-E47785142DE5}
		{5BE593FF-1E11-B068-FDF8-C92333FE8EED} = {2731DB81-D1CC-4243-8AB8-E47785142DE5}
		{5962DE01-3910-4321-CA65-4087572C09C0} = {2731DB81-D1CC-4243-8AB8-E47785142DE5}
		{F6BE2A21-9BC0-FB08-76D8-E81475DE8F0A} = {2731DB81-D1CC-4243-8AB8-E47785142DE5}
		{8329DC11-99DE-4FBD-971F-90322984EB50} = {F3526533-69BE-4D10-BE50-D1DD23A93D2D}
		{AE8540F5-B1C2-6C8E-57D3-96FAF266F9C5} = {8329DC11-99DE-4FBD-971F-90322984EB50}
		{ECFECD94-E8AF-423E-9444-CF97A5975CA1} = {7934B5DE-E06A-45E6-ABA4-D3AB8A54E4D8}
		{E2F21B8D-94F7-4D6A-A7B0-4F10AA30EA83} = {ECFECD94-E8AF-423E-9444-CF97A5975CA1}
		{41C65340-2B3D-C82C-0490-0CBF613B4C37} = {E2F21B8D-94F7-4D6A-A7B0-4F10AA30EA83}
		{D4C6F154-6A89-975F-7CF4-9000627FAAA4} = {E2F21B8D-94F7-4D6A-A7B0-4F10AA30EA83}
		{5BE4FA89-D1BA-9092-455C-42093534941C} = {E2F21B8D-94F7-4D6A-A7B0-4F10AA30EA83}
		{990646F7-E598-FA8F-D7E7-2702312AC728} = {E2F21B8D-94F7-4D6A-A7B0-4F10AA30EA83}
		{8194E1AC-8ADC-433D-89CA-61486DC7EFD3} = {ECFECD94-E8AF-423E-9444-CF97A5975CA1}
		{CD4738CB-4F9A-2656-09E8-673734C7BD26} = {8194E1AC-8ADC-433D-89CA-61486DC7EFD3}
		{73D3449A-3D01-0C64-A418-867308902D06} = {8194E1AC-8ADC-433D-89CA-61486DC7EFD3}
		{E558D603-0935-0003-0AB0-2D78AAC1B291} = {8194E1AC-8ADC-433D-89CA-61486DC7EFD3}
		{29888535-BAD6-F4C4-E07A-7F2FF7927763} = {8194E1AC-8ADC-433D-89CA-61486DC7EFD3}
	EndGlobalSection
	GlobalSection(ExtensibilityGlobals) = postSolution
		SolutionGuid = {BDDE12DE-2A16-4A45-B905-4DF0385FEF49}
	EndGlobalSection
EndGlobal
